Microsoft Visual Studio Solution File, Format Version 12.00
# Visual Studio Version 17
VisualStudioVersion = 17.5.2.0
MinimumVisualStudioVersion = 10.0.40219.1
Project("{FAE04EC0-301F-11D3-BF4B-00C04F79EFBC}") = "ejercicio_12", "ejercicio_12.csproj", "{A88DE926-40A3-9618-BBD5-0E30A8653D17}"
EndProject
Global
	GlobalSection(SolutionConfigurationPlatforms) = preSolution
		Debug|Any CPU = Debug|Any CPU
		Release|Any CPU = Release|Any CPU
	EndGlobalSection
	GlobalSection(ProjectConfigurationPlatforms) = postSolution
		{A88DE926-40A3-9618-BBD5-0E30A8653D17}.Debug|Any CPU.ActiveCfg = Debug|Any CPU
		{A88DE926-40A3-9618-BBD5-0E30A8653D17}.Debug|Any CPU.Build.0 = Debug|Any CPU
		{A88DE926-40A3-9618-BBD5-0E30A8653D17}.Release|Any CPU.ActiveCfg = Release|Any CPU
		{A88DE926-40A3-9618-BBD5-0E30A8653D17}.Release|Any CPU.Build.0 = Release|Any CPU
	EndGlobalSection
	GlobalSection(SolutionProperties) = preSolution
		HideSolutionNode = FALSE
	EndGlobalSection
	GlobalSection(ExtensibilityGlobals) = postSolution
		SolutionGuid = {E0F6EC61-CED7-4A0D-838F-69FEF49E478E}
	EndGlobalSection
EndGlobal
