Microsoft Visual Studio Solution File, Format Version 12.00
# Visual Studio Version 17
VisualStudioVersion = 17.5.2.0
MinimumVisualStudioVersion = 10.0.40219.1
Project("{FAE04EC0-301F-11D3-BF4B-00C04F79EFBC}") = "ejercicio_13", "ejercicio_13.csproj", "{3135EEC7-EEEE-ABB6-D053-C3570E056FC1}"
EndProject
Global
	GlobalSection(SolutionConfigurationPlatforms) = preSolution
		Debug|Any CPU = Debug|Any CPU
		Release|Any CPU = Release|Any CPU
	EndGlobalSection
	GlobalSection(ProjectConfigurationPlatforms) = postSolution
		{3135EEC7-EEEE-ABB6-D053-C3570E056FC1}.Debug|Any CPU.ActiveCfg = Debug|Any CPU
		{3135EEC7-EEEE-ABB6-D053-C3570E056FC1}.Debug|Any CPU.Build.0 = Debug|Any CPU
		{3135EEC7-EEEE-ABB6-D053-C3570E056FC1}.Release|Any CPU.ActiveCfg = Release|Any CPU
		{3135EEC7-EEEE-ABB6-D053-C3570E056FC1}.Release|Any CPU.Build.0 = Release|Any CPU
	EndGlobalSection
	GlobalSection(SolutionProperties) = preSolution
		HideSolutionNode = FALSE
	EndGlobalSection
	GlobalSection(ExtensibilityGlobals) = postSolution
		SolutionGuid = {C30BCFEA-EE3B-478F-9F9D-F8D489A8BB1F}
	EndGlobalSection
EndGlobal
