Microsoft Visual Studio Solution File, Format Version 12.00
# Visual Studio Version 17
VisualStudioVersion = 17.5.2.0
MinimumVisualStudioVersion = 10.0.40219.1
Project("{FAE04EC0-301F-11D3-BF4B-00C04F79EFBC}") = "ejercicio_9", "ejercicio_9\ejercicio_9.csproj", "{3F655ACD-6A93-D015-54F3-3E836E57805B}"
EndProject
Global
	GlobalSection(SolutionConfigurationPlatforms) = preSolution
		Debug|Any CPU = Debug|Any CPU
		Release|Any CPU = Release|Any CPU
	EndGlobalSection
	GlobalSection(ProjectConfigurationPlatforms) = postSolution
		{3F655ACD-6A93-D015-54F3-3E836E57805B}.Debug|Any CPU.ActiveCfg = Debug|Any CPU
		{3F655ACD-6A93-D015-54F3-3E836E57805B}.Debug|Any CPU.Build.0 = Debug|Any CPU
		{3F655ACD-6A93-D015-54F3-3E836E57805B}.Release|Any CPU.ActiveCfg = Release|Any CPU
		{3F655ACD-6A93-D015-54F3-3E836E57805B}.Release|Any CPU.Build.0 = Release|Any CPU
	EndGlobalSection
	GlobalSection(SolutionProperties) = preSolution
		HideSolutionNode = FALSE
	EndGlobalSection
	GlobalSection(ExtensibilityGlobals) = postSolution
		SolutionGuid = {573F17E3-475A-4BF2-B45A-841D13558C34}
	EndGlobalSection
EndGlobal
